
Microsoft Visual Studio Solution File, Format Version 12.00
# Visual Studio Version 17
VisualStudioVersion = 17.7.34031.279
MinimumVisualStudioVersion = 10.0.40219.1
Project("{9A19103F-16F7-4668-BE54-9A1E7A4F7556}") = "GS.LengthConverter.Net6", "GS.LengthConverter.Net6\GS.LengthConverter.Net6.csproj", "{3C7539EF-0108-4923-B6B4-01BF2C8D2541}"
EndProject
Project("{9A19103F-16F7-4668-BE54-9A1E7A4F7556}") = "LengthConverter_UnitTests", "LengthConverter_UnitTests\LengthConverter_UnitTests.csproj", "{D1648732-98D3-45D5-8294-FA1145421218}"
EndProject
Project("{2150E333-8FDC-42A3-9474-1A3956D46DE8}") = "Solution Items", "Solution Items", "{46E5E1DD-408B-4592-81EA-EDB0D34690A9}"
	ProjectSection(SolutionItems) = preProject
		.github\workflows\deploy.yml = .github\workflows\deploy.yml
		.github\workflows\dotnet.yml = .github\workflows\dotnet.yml
		nuspec\GS.LengthConverter.nuspec = nuspec\GS.LengthConverter.nuspec
	EndProjectSection
EndProject
Global
	GlobalSection(SolutionConfigurationPlatforms) = preSolution
		Debug|Any CPU = Debug|Any CPU
		Release|Any CPU = Release|Any CPU
	EndGlobalSection
	GlobalSection(ProjectConfigurationPlatforms) = postSolution
		{3C7539EF-0108-4923-B6B4-01BF2C8D2541}.Debug|Any CPU.ActiveCfg = Debug|Any CPU
		{3C7539EF-0108-4923-B6B4-01BF2C8D2541}.Debug|Any CPU.Build.0 = Debug|Any CPU
		{3C7539EF-0108-4923-B6B4-01BF2C8D2541}.Release|Any CPU.ActiveCfg = Release|Any CPU
		{3C7539EF-0108-4923-B6B4-01BF2C8D2541}.Release|Any CPU.Build.0 = Release|Any CPU
		{D1648732-98D3-45D5-8294-FA1145421218}.Debug|Any CPU.ActiveCfg = Debug|Any CPU
		{D1648732-98D3-45D5-8294-FA1145421218}.Debug|Any CPU.Build.0 = Debug|Any CPU
		{D1648732-98D3-45D5-8294-FA1145421218}.Release|Any CPU.ActiveCfg = Release|Any CPU
		{D1648732-98D3-45D5-8294-FA1145421218}.Release|Any CPU.Build.0 = Release|Any CPU
	EndGlobalSection
	GlobalSection(SolutionProperties) = preSolution
		HideSolutionNode = FALSE
	EndGlobalSection
	GlobalSection(ExtensibilityGlobals) = postSolution
		SolutionGuid = {34CED932-E255-4B8E-B7AC-BD9FB7082A1C}
	EndGlobalSection
EndGlobal
